// !$*UTF8*$!
{
	archiveVersion = 1;
	classes = {
	};
	objectVersion = 52;
	objects = {

/* Begin PBXBuildFile section */
		43751671143CDEA4717E32B3 /* Pods_iOSEngineerCodeCheckTests.framework in Frameworks */ = {isa = PBXBuildFile; fileRef = 7614B48FAE0F05F620A35333 /* Pods_iOSEngineerCodeCheckTests.framework */; };
		5BEF55D819CBA82736D46B69 /* Pods_iOSEngineerCodeCheck.framework in Frameworks */ = {isa = PBXBuildFile; fileRef = FCB55484CA71AC11DBE84286 /* Pods_iOSEngineerCodeCheck.framework */; };
		99F3AF5F288BB538009927E8 /* GitHubResponse.swift in Sources */ = {isa = PBXBuildFile; fileRef = 99F3AF5E288BB538009927E8 /* GitHubResponse.swift */; };
		99F3AF67288C32E2009927E8 /* GitHubAPI.swift in Sources */ = {isa = PBXBuildFile; fileRef = 99F3AF66288C32E2009927E8 /* GitHubAPI.swift */; };
		99F3AF69288C3310009927E8 /* GitHubTarget.swift in Sources */ = {isa = PBXBuildFile; fileRef = 99F3AF68288C3310009927E8 /* GitHubTarget.swift */; };
		99F3AF6C288D5280009927E8 /* Kingfisher in Frameworks */ = {isa = PBXBuildFile; productRef = 99F3AF6B288D5280009927E8 /* Kingfisher */; };
		99F3AF72288E3529009927E8 /* SearchListViewModel.swift in Sources */ = {isa = PBXBuildFile; fileRef = 99F3AF71288E3529009927E8 /* SearchListViewModel.swift */; };
		99F3AF75288EB52E009927E8 /* APIResponseStatusCodeHandler.swift in Sources */ = {isa = PBXBuildFile; fileRef = 99F3AF74288EB52E009927E8 /* APIResponseStatusCodeHandler.swift */; };
		99F3AF7B288EBFB2009927E8 /* SearchListCell.swift in Sources */ = {isa = PBXBuildFile; fileRef = 99F3AF79288EBFB1009927E8 /* SearchListCell.swift */; };
		99F3AF7C288EBFB2009927E8 /* SearchListCell.xib in Resources */ = {isa = PBXBuildFile; fileRef = 99F3AF7A288EBFB2009927E8 /* SearchListCell.xib */; };
		99F3AF7E288ED6FC009927E8 /* DetailViewController.storyboard in Resources */ = {isa = PBXBuildFile; fileRef = 99F3AF7D288ED6FC009927E8 /* DetailViewController.storyboard */; };
		99F3AF8228901276009927E8 /* SearchListViewController.storyboard in Resources */ = {isa = PBXBuildFile; fileRef = 99F3AF8128901276009927E8 /* SearchListViewController.storyboard */; };
		99F3AF8428901B58009927E8 /* SearchListViewModelTests.swift in Sources */ = {isa = PBXBuildFile; fileRef = 99F3AF8328901B58009927E8 /* SearchListViewModelTests.swift */; };
		99F3AF8728901CF4009927E8 /* PKHUD in Frameworks */ = {isa = PBXBuildFile; productRef = 99F3AF8628901CF4009927E8 /* PKHUD */; };
		99F3AF8A289156B8009927E8 /* MockData.swift in Sources */ = {isa = PBXBuildFile; fileRef = 99F3AF89289156B8009927E8 /* MockData.swift */; };
		99F3AF8C2891593D009927E8 /* GitHubAPIProtocol.swift in Sources */ = {isa = PBXBuildFile; fileRef = 99F3AF8B2891593D009927E8 /* GitHubAPIProtocol.swift */; };
		99F3AF8E28915E2C009927E8 /* MockGitHubAPI.swift in Sources */ = {isa = PBXBuildFile; fileRef = 99F3AF8D28915E2C009927E8 /* MockGitHubAPI.swift */; };
		99F3AF9128919283009927E8 /* UIViewController+Extension.swift in Sources */ = {isa = PBXBuildFile; fileRef = 99F3AF9028919283009927E8 /* UIViewController+Extension.swift */; };
		99F9999828929C9F00D1E6FC /* iOSEngineerCodeCheckUITests.swift in Sources */ = {isa = PBXBuildFile; fileRef = 99F9999728929C9F00D1E6FC /* iOSEngineerCodeCheckUITests.swift */; };
		99F9999A28929C9F00D1E6FC /* iOSEngineerCodeCheckUITestsLaunchTests.swift in Sources */ = {isa = PBXBuildFile; fileRef = 99F9999928929C9F00D1E6FC /* iOSEngineerCodeCheckUITestsLaunchTests.swift */; };
		99F999A22892B9BB00D1E6FC /* QueryShareManager.swift in Sources */ = {isa = PBXBuildFile; fileRef = 99F999A12892B9BB00D1E6FC /* QueryShareManager.swift */; };
		99F999A52892D99900D1E6FC /* Gifu in Frameworks */ = {isa = PBXBuildFile; productRef = 99F999A42892D99900D1E6FC /* Gifu */; };
		99F999A92892DA5900D1E6FC /* LoadingGif.gif in Resources */ = {isa = PBXBuildFile; fileRef = 99F999A82892DA5900D1E6FC /* LoadingGif.gif */; };
		BF0A658D244F2A3B00280FA6 /* DetailViewController.swift in Sources */ = {isa = PBXBuildFile; fileRef = BF0A658C244F2A3B00280FA6 /* DetailViewController.swift */; };
		BFD945DF244DC5E80012785A /* AppDelegate.swift in Sources */ = {isa = PBXBuildFile; fileRef = BFD945DE244DC5E80012785A /* AppDelegate.swift */; };
		BFD945E1244DC5E80012785A /* SceneDelegate.swift in Sources */ = {isa = PBXBuildFile; fileRef = BFD945E0244DC5E80012785A /* SceneDelegate.swift */; };
		BFD945E3244DC5E80012785A /* SearchListViewController.swift in Sources */ = {isa = PBXBuildFile; fileRef = BFD945E2244DC5E80012785A /* SearchListViewController.swift */; };
		BFD945E6244DC5E80012785A /* Main.storyboard in Resources */ = {isa = PBXBuildFile; fileRef = BFD945E4244DC5E80012785A /* Main.storyboard */; };
		BFD945E8244DC5EB0012785A /* Assets.xcassets in Resources */ = {isa = PBXBuildFile; fileRef = BFD945E7244DC5EB0012785A /* Assets.xcassets */; };
		BFD945EB244DC5EB0012785A /* LaunchScreen.storyboard in Resources */ = {isa = PBXBuildFile; fileRef = BFD945E9244DC5EB0012785A /* LaunchScreen.storyboard */; };
		F676CD73F29AA384E22A7908 /* Pods_iOSEngineerCodeCheckUITests.framework in Frameworks */ = {isa = PBXBuildFile; fileRef = BFEDC585273C836272A2F0F6 /* Pods_iOSEngineerCodeCheckUITests.framework */; };
/* End PBXBuildFile section */

/* Begin PBXContainerItemProxy section */
		99F9999B28929C9F00D1E6FC /* PBXContainerItemProxy */ = {
			isa = PBXContainerItemProxy;
			containerPortal = BFD945D3244DC5E80012785A /* Project object */;
			proxyType = 1;
			remoteGlobalIDString = BFD945DA244DC5E80012785A;
			remoteInfo = iOSEngineerCodeCheck;
		};
		BFD945F2244DC5EB0012785A /* PBXContainerItemProxy */ = {
			isa = PBXContainerItemProxy;
			containerPortal = BFD945D3244DC5E80012785A /* Project object */;
			proxyType = 1;
			remoteGlobalIDString = BFD945DA244DC5E80012785A;
			remoteInfo = iOSEngineerCodeCheck;
		};
/* End PBXContainerItemProxy section */

/* Begin PBXFileReference section */
		228BF9337A8F4F77F0F8F6AB /* Pods-iOSEngineerCodeCheckUITests.release.xcconfig */ = {isa = PBXFileReference; includeInIndex = 1; lastKnownFileType = text.xcconfig; name = "Pods-iOSEngineerCodeCheckUITests.release.xcconfig"; path = "Target Support Files/Pods-iOSEngineerCodeCheckUITests/Pods-iOSEngineerCodeCheckUITests.release.xcconfig"; sourceTree = "<group>"; };
		466A50C75E2145FF877038F4 /* Pods-iOSEngineerCodeCheck-iOSEngineerCodeCheckUITests.release.xcconfig */ = {isa = PBXFileReference; includeInIndex = 1; lastKnownFileType = text.xcconfig; name = "Pods-iOSEngineerCodeCheck-iOSEngineerCodeCheckUITests.release.xcconfig"; path = "Target Support Files/Pods-iOSEngineerCodeCheck-iOSEngineerCodeCheckUITests/Pods-iOSEngineerCodeCheck-iOSEngineerCodeCheckUITests.release.xcconfig"; sourceTree = "<group>"; };
		51EC83BC6727BB49AA2EAC17 /* Pods-iOSEngineerCodeCheck.debug.xcconfig */ = {isa = PBXFileReference; includeInIndex = 1; lastKnownFileType = text.xcconfig; name = "Pods-iOSEngineerCodeCheck.debug.xcconfig"; path = "Target Support Files/Pods-iOSEngineerCodeCheck/Pods-iOSEngineerCodeCheck.debug.xcconfig"; sourceTree = "<group>"; };
		57975BCD34B713F5D4564BF2 /* Pods-iOSEngineerCodeCheckTests.release.xcconfig */ = {isa = PBXFileReference; includeInIndex = 1; lastKnownFileType = text.xcconfig; name = "Pods-iOSEngineerCodeCheckTests.release.xcconfig"; path = "Target Support Files/Pods-iOSEngineerCodeCheckTests/Pods-iOSEngineerCodeCheckTests.release.xcconfig"; sourceTree = "<group>"; };
		7614B48FAE0F05F620A35333 /* Pods_iOSEngineerCodeCheckTests.framework */ = {isa = PBXFileReference; explicitFileType = wrapper.framework; includeInIndex = 0; path = Pods_iOSEngineerCodeCheckTests.framework; sourceTree = BUILT_PRODUCTS_DIR; };
		99F3AF5E288BB538009927E8 /* GitHubResponse.swift */ = {isa = PBXFileReference; lastKnownFileType = sourcecode.swift; path = GitHubResponse.swift; sourceTree = "<group>"; };
		99F3AF66288C32E2009927E8 /* GitHubAPI.swift */ = {isa = PBXFileReference; lastKnownFileType = sourcecode.swift; path = GitHubAPI.swift; sourceTree = "<group>"; };
		99F3AF68288C3310009927E8 /* GitHubTarget.swift */ = {isa = PBXFileReference; lastKnownFileType = sourcecode.swift; path = GitHubTarget.swift; sourceTree = "<group>"; };
		99F3AF71288E3529009927E8 /* SearchListViewModel.swift */ = {isa = PBXFileReference; lastKnownFileType = sourcecode.swift; path = SearchListViewModel.swift; sourceTree = "<group>"; };
		99F3AF74288EB52E009927E8 /* APIResponseStatusCodeHandler.swift */ = {isa = PBXFileReference; lastKnownFileType = sourcecode.swift; path = APIResponseStatusCodeHandler.swift; sourceTree = "<group>"; };
		99F3AF79288EBFB1009927E8 /* SearchListCell.swift */ = {isa = PBXFileReference; lastKnownFileType = sourcecode.swift; path = SearchListCell.swift; sourceTree = "<group>"; };
		99F3AF7A288EBFB2009927E8 /* SearchListCell.xib */ = {isa = PBXFileReference; lastKnownFileType = file.xib; path = SearchListCell.xib; sourceTree = "<group>"; };
		99F3AF7D288ED6FC009927E8 /* DetailViewController.storyboard */ = {isa = PBXFileReference; fileEncoding = 4; lastKnownFileType = file.storyboard; path = DetailViewController.storyboard; sourceTree = "<group>"; };
		99F3AF8128901276009927E8 /* SearchListViewController.storyboard */ = {isa = PBXFileReference; fileEncoding = 4; lastKnownFileType = file.storyboard; path = SearchListViewController.storyboard; sourceTree = "<group>"; };
		99F3AF8328901B58009927E8 /* SearchListViewModelTests.swift */ = {isa = PBXFileReference; lastKnownFileType = sourcecode.swift; path = SearchListViewModelTests.swift; sourceTree = "<group>"; };
		99F3AF89289156B8009927E8 /* MockData.swift */ = {isa = PBXFileReference; lastKnownFileType = sourcecode.swift; path = MockData.swift; sourceTree = "<group>"; };
		99F3AF8B2891593D009927E8 /* GitHubAPIProtocol.swift */ = {isa = PBXFileReference; lastKnownFileType = sourcecode.swift; path = GitHubAPIProtocol.swift; sourceTree = "<group>"; };
		99F3AF8D28915E2C009927E8 /* MockGitHubAPI.swift */ = {isa = PBXFileReference; lastKnownFileType = sourcecode.swift; path = MockGitHubAPI.swift; sourceTree = "<group>"; };
		99F3AF9028919283009927E8 /* UIViewController+Extension.swift */ = {isa = PBXFileReference; lastKnownFileType = sourcecode.swift; path = "UIViewController+Extension.swift"; sourceTree = "<group>"; };
		99F9999528929C9F00D1E6FC /* iOSEngineerCodeCheckUITests.xctest */ = {isa = PBXFileReference; explicitFileType = wrapper.cfbundle; includeInIndex = 0; path = iOSEngineerCodeCheckUITests.xctest; sourceTree = BUILT_PRODUCTS_DIR; };
		99F9999728929C9F00D1E6FC /* iOSEngineerCodeCheckUITests.swift */ = {isa = PBXFileReference; lastKnownFileType = sourcecode.swift; path = iOSEngineerCodeCheckUITests.swift; sourceTree = "<group>"; };
		99F9999928929C9F00D1E6FC /* iOSEngineerCodeCheckUITestsLaunchTests.swift */ = {isa = PBXFileReference; lastKnownFileType = sourcecode.swift; path = iOSEngineerCodeCheckUITestsLaunchTests.swift; sourceTree = "<group>"; };
		99F999A12892B9BB00D1E6FC /* QueryShareManager.swift */ = {isa = PBXFileReference; lastKnownFileType = sourcecode.swift; path = QueryShareManager.swift; sourceTree = "<group>"; };
		99F999A82892DA5900D1E6FC /* LoadingGif.gif */ = {isa = PBXFileReference; lastKnownFileType = image.gif; path = LoadingGif.gif; sourceTree = "<group>"; };
		AF22DBE10D50A590A79DB835 /* Pods-iOSEngineerCodeCheckTests.debug.xcconfig */ = {isa = PBXFileReference; includeInIndex = 1; lastKnownFileType = text.xcconfig; name = "Pods-iOSEngineerCodeCheckTests.debug.xcconfig"; path = "Target Support Files/Pods-iOSEngineerCodeCheckTests/Pods-iOSEngineerCodeCheckTests.debug.xcconfig"; sourceTree = "<group>"; };
		BD0EE8EC94DF4813A143087E /* Pods-iOSEngineerCodeCheck.release.xcconfig */ = {isa = PBXFileReference; includeInIndex = 1; lastKnownFileType = text.xcconfig; name = "Pods-iOSEngineerCodeCheck.release.xcconfig"; path = "Target Support Files/Pods-iOSEngineerCodeCheck/Pods-iOSEngineerCodeCheck.release.xcconfig"; sourceTree = "<group>"; };
		BF0A658C244F2A3B00280FA6 /* DetailViewController.swift */ = {isa = PBXFileReference; lastKnownFileType = sourcecode.swift; path = DetailViewController.swift; sourceTree = "<group>"; };
		BFD945DB244DC5E80012785A /* iOSEngineerCodeCheck.app */ = {isa = PBXFileReference; explicitFileType = wrapper.application; includeInIndex = 0; path = iOSEngineerCodeCheck.app; sourceTree = BUILT_PRODUCTS_DIR; };
		BFD945DE244DC5E80012785A /* AppDelegate.swift */ = {isa = PBXFileReference; lastKnownFileType = sourcecode.swift; path = AppDelegate.swift; sourceTree = "<group>"; };
		BFD945E0244DC5E80012785A /* SceneDelegate.swift */ = {isa = PBXFileReference; lastKnownFileType = sourcecode.swift; path = SceneDelegate.swift; sourceTree = "<group>"; };
		BFD945E2244DC5E80012785A /* SearchListViewController.swift */ = {isa = PBXFileReference; lastKnownFileType = sourcecode.swift; path = SearchListViewController.swift; sourceTree = "<group>"; };
		BFD945E5244DC5E80012785A /* Base */ = {isa = PBXFileReference; lastKnownFileType = file.storyboard; name = Base; path = Base.lproj/Main.storyboard; sourceTree = "<group>"; };
		BFD945E7244DC5EB0012785A /* Assets.xcassets */ = {isa = PBXFileReference; lastKnownFileType = folder.assetcatalog; path = Assets.xcassets; sourceTree = "<group>"; };
		BFD945EA244DC5EB0012785A /* Base */ = {isa = PBXFileReference; lastKnownFileType = file.storyboard; name = Base; path = Base.lproj/LaunchScreen.storyboard; sourceTree = "<group>"; };
		BFD945EC244DC5EB0012785A /* Info.plist */ = {isa = PBXFileReference; lastKnownFileType = text.plist.xml; path = Info.plist; sourceTree = "<group>"; };
		BFD945F1244DC5EB0012785A /* iOSEngineerCodeCheckTests.xctest */ = {isa = PBXFileReference; explicitFileType = wrapper.cfbundle; includeInIndex = 0; path = iOSEngineerCodeCheckTests.xctest; sourceTree = BUILT_PRODUCTS_DIR; };
		BFD945F7244DC5EB0012785A /* Info.plist */ = {isa = PBXFileReference; lastKnownFileType = text.plist.xml; path = Info.plist; sourceTree = "<group>"; };
		BFEDC585273C836272A2F0F6 /* Pods_iOSEngineerCodeCheckUITests.framework */ = {isa = PBXFileReference; explicitFileType = wrapper.framework; includeInIndex = 0; path = Pods_iOSEngineerCodeCheckUITests.framework; sourceTree = BUILT_PRODUCTS_DIR; };
		C003B0DF9696DD1D8B1E41C7 /* Pods-iOSEngineerCodeCheckUITests.debug.xcconfig */ = {isa = PBXFileReference; includeInIndex = 1; lastKnownFileType = text.xcconfig; name = "Pods-iOSEngineerCodeCheckUITests.debug.xcconfig"; path = "Target Support Files/Pods-iOSEngineerCodeCheckUITests/Pods-iOSEngineerCodeCheckUITests.debug.xcconfig"; sourceTree = "<group>"; };
		D5385AE1272057280F11E0CB /* Pods-iOSEngineerCodeCheck-iOSEngineerCodeCheckUITests.debug.xcconfig */ = {isa = PBXFileReference; includeInIndex = 1; lastKnownFileType = text.xcconfig; name = "Pods-iOSEngineerCodeCheck-iOSEngineerCodeCheckUITests.debug.xcconfig"; path = "Target Support Files/Pods-iOSEngineerCodeCheck-iOSEngineerCodeCheckUITests/Pods-iOSEngineerCodeCheck-iOSEngineerCodeCheckUITests.debug.xcconfig"; sourceTree = "<group>"; };
		FCB55484CA71AC11DBE84286 /* Pods_iOSEngineerCodeCheck.framework */ = {isa = PBXFileReference; explicitFileType = wrapper.framework; includeInIndex = 0; path = Pods_iOSEngineerCodeCheck.framework; sourceTree = BUILT_PRODUCTS_DIR; };
/* End PBXFileReference section */

/* Begin PBXFrameworksBuildPhase section */
		99F9999228929C9F00D1E6FC /* Frameworks */ = {
			isa = PBXFrameworksBuildPhase;
			buildActionMask = 2147483647;
			files = (
				F676CD73F29AA384E22A7908 /* Pods_iOSEngineerCodeCheckUITests.framework in Frameworks */,
			);
			runOnlyForDeploymentPostprocessing = 0;
		};
		BFD945D8244DC5E80012785A /* Frameworks */ = {
			isa = PBXFrameworksBuildPhase;
			buildActionMask = 2147483647;
			files = (
				99F3AF8728901CF4009927E8 /* PKHUD in Frameworks */,
				99F3AF6C288D5280009927E8 /* Kingfisher in Frameworks */,
				5BEF55D819CBA82736D46B69 /* Pods_iOSEngineerCodeCheck.framework in Frameworks */,
				99F999A52892D99900D1E6FC /* Gifu in Frameworks */,
			);
			runOnlyForDeploymentPostprocessing = 0;
		};
		BFD945EE244DC5EB0012785A /* Frameworks */ = {
			isa = PBXFrameworksBuildPhase;
			buildActionMask = 2147483647;
			files = (
				43751671143CDEA4717E32B3 /* Pods_iOSEngineerCodeCheckTests.framework in Frameworks */,
			);
			runOnlyForDeploymentPostprocessing = 0;
		};
/* End PBXFrameworksBuildPhase section */

/* Begin PBXGroup section */
		81B421E4A8CB8A80D64CBFCB /* Pods */ = {
			isa = PBXGroup;
			children = (
				51EC83BC6727BB49AA2EAC17 /* Pods-iOSEngineerCodeCheck.debug.xcconfig */,
				BD0EE8EC94DF4813A143087E /* Pods-iOSEngineerCodeCheck.release.xcconfig */,
				D5385AE1272057280F11E0CB /* Pods-iOSEngineerCodeCheck-iOSEngineerCodeCheckUITests.debug.xcconfig */,
				466A50C75E2145FF877038F4 /* Pods-iOSEngineerCodeCheck-iOSEngineerCodeCheckUITests.release.xcconfig */,
				AF22DBE10D50A590A79DB835 /* Pods-iOSEngineerCodeCheckTests.debug.xcconfig */,
				57975BCD34B713F5D4564BF2 /* Pods-iOSEngineerCodeCheckTests.release.xcconfig */,
				C003B0DF9696DD1D8B1E41C7 /* Pods-iOSEngineerCodeCheckUITests.debug.xcconfig */,
				228BF9337A8F4F77F0F8F6AB /* Pods-iOSEngineerCodeCheckUITests.release.xcconfig */,
			);
			path = Pods;
			sourceTree = "<group>";
		};
		99F3AF65288C32D0009927E8 /* Moya */ = {
			isa = PBXGroup;
			children = (
				99F3AF66288C32E2009927E8 /* GitHubAPI.swift */,
				99F3AF68288C3310009927E8 /* GitHubTarget.swift */,
				99F3AF8B2891593D009927E8 /* GitHubAPIProtocol.swift */,
			);
			path = Moya;
			sourceTree = "<group>";
		};
		99F3AF6D288D9986009927E8 /* Model */ = {
			isa = PBXGroup;
			children = (
				99F3AF5E288BB538009927E8 /* GitHubResponse.swift */,
				99F3AF65288C32D0009927E8 /* Moya */,
				99F3AF73288EB457009927E8 /* Error */,
				99F999A02892B8F700D1E6FC /* Manager */,
			);
			path = Model;
			sourceTree = "<group>";
		};
		99F3AF6F288D9A05009927E8 /* SearchList */ = {
			isa = PBXGroup;
			children = (
				99F3AF8128901276009927E8 /* SearchListViewController.storyboard */,
				BFD945E2244DC5E80012785A /* SearchListViewController.swift */,
				99F3AF71288E3529009927E8 /* SearchListViewModel.swift */,
				99F3AF78288EBF71009927E8 /* Cell */,
			);
			path = SearchList;
			sourceTree = "<group>";
		};
		99F3AF70288D9A39009927E8 /* Detail */ = {
			isa = PBXGroup;
			children = (
				99F3AF7D288ED6FC009927E8 /* DetailViewController.storyboard */,
				BF0A658C244F2A3B00280FA6 /* DetailViewController.swift */,
			);
			path = Detail;
			sourceTree = "<group>";
		};
		99F3AF73288EB457009927E8 /* Error */ = {
			isa = PBXGroup;
			children = (
				99F3AF74288EB52E009927E8 /* APIResponseStatusCodeHandler.swift */,
			);
			path = Error;
			sourceTree = "<group>";
		};
		99F3AF78288EBF71009927E8 /* Cell */ = {
			isa = PBXGroup;
			children = (
				99F3AF79288EBFB1009927E8 /* SearchListCell.swift */,
				99F3AF7A288EBFB2009927E8 /* SearchListCell.xib */,
			);
			path = Cell;
			sourceTree = "<group>";
		};
		99F3AF8828914C99009927E8 /* Mocks */ = {
			isa = PBXGroup;
			children = (
				99F3AF89289156B8009927E8 /* MockData.swift */,
				99F3AF8D28915E2C009927E8 /* MockGitHubAPI.swift */,
			);
			path = Mocks;
			sourceTree = "<group>";
		};
		99F3AF8F28918ED0009927E8 /* Utility */ = {
			isa = PBXGroup;
			children = (
				99F3AF9028919283009927E8 /* UIViewController+Extension.swift */,
			);
			path = Utility;
			sourceTree = "<group>";
		};
		99F9999628929C9F00D1E6FC /* iOSEngineerCodeCheckUITests */ = {
			isa = PBXGroup;
			children = (
				99F9999728929C9F00D1E6FC /* iOSEngineerCodeCheckUITests.swift */,
				99F9999928929C9F00D1E6FC /* iOSEngineerCodeCheckUITestsLaunchTests.swift */,
			);
			path = iOSEngineerCodeCheckUITests;
			sourceTree = "<group>";
		};
		99F999A02892B8F700D1E6FC /* Manager */ = {
			isa = PBXGroup;
			children = (
				99F999A12892B9BB00D1E6FC /* QueryShareManager.swift */,
			);
			path = Manager;
			sourceTree = "<group>";
		};
		BFD945D2244DC5E80012785A = {
			isa = PBXGroup;
			children = (
				BFD945DD244DC5E80012785A /* iOSEngineerCodeCheck */,
				BFD945F4244DC5EB0012785A /* iOSEngineerCodeCheckTests */,
				99F9999628929C9F00D1E6FC /* iOSEngineerCodeCheckUITests */,
				BFD945DC244DC5E80012785A /* Products */,
				81B421E4A8CB8A80D64CBFCB /* Pods */,
				C16E21A1F604551952EE6F04 /* Frameworks */,
			);
			sourceTree = "<group>";
		};
		BFD945DC244DC5E80012785A /* Products */ = {
			isa = PBXGroup;
			children = (
				BFD945DB244DC5E80012785A /* iOSEngineerCodeCheck.app */,
				BFD945F1244DC5EB0012785A /* iOSEngineerCodeCheckTests.xctest */,
				99F9999528929C9F00D1E6FC /* iOSEngineerCodeCheckUITests.xctest */,
			);
			name = Products;
			sourceTree = "<group>";
		};
		BFD945DD244DC5E80012785A /* iOSEngineerCodeCheck */ = {
			isa = PBXGroup;
			children = (
				99F3AF8F28918ED0009927E8 /* Utility */,
				99F3AF6F288D9A05009927E8 /* SearchList */,
				99F3AF70288D9A39009927E8 /* Detail */,
				99F3AF6D288D9986009927E8 /* Model */,
				BFD945DE244DC5E80012785A /* AppDelegate.swift */,
				BFD945E0244DC5E80012785A /* SceneDelegate.swift */,
				BFD945E4244DC5E80012785A /* Main.storyboard */,
				99F999A82892DA5900D1E6FC /* LoadingGif.gif */,
				BFD945E7244DC5EB0012785A /* Assets.xcassets */,
				BFD945E9244DC5EB0012785A /* LaunchScreen.storyboard */,
				BFD945EC244DC5EB0012785A /* Info.plist */,
			);
			path = iOSEngineerCodeCheck;
			sourceTree = "<group>";
		};
		BFD945F4244DC5EB0012785A /* iOSEngineerCodeCheckTests */ = {
			isa = PBXGroup;
			children = (
				99F3AF8828914C99009927E8 /* Mocks */,
				99F3AF8328901B58009927E8 /* SearchListViewModelTests.swift */,
				BFD945F7244DC5EB0012785A /* Info.plist */,
			);
			path = iOSEngineerCodeCheckTests;
			sourceTree = "<group>";
		};
		C16E21A1F604551952EE6F04 /* Frameworks */ = {
			isa = PBXGroup;
			children = (
				FCB55484CA71AC11DBE84286 /* Pods_iOSEngineerCodeCheck.framework */,
				7614B48FAE0F05F620A35333 /* Pods_iOSEngineerCodeCheckTests.framework */,
				BFEDC585273C836272A2F0F6 /* Pods_iOSEngineerCodeCheckUITests.framework */,
			);
			name = Frameworks;
			sourceTree = "<group>";
		};
/* End PBXGroup section */

/* Begin PBXNativeTarget section */
		99F9999428929C9F00D1E6FC /* iOSEngineerCodeCheckUITests */ = {
			isa = PBXNativeTarget;
			buildConfigurationList = 99F9999F28929C9F00D1E6FC /* Build configuration list for PBXNativeTarget "iOSEngineerCodeCheckUITests" */;
			buildPhases = (
				6D67F783F5A72FFE654F7631 /* [CP] Check Pods Manifest.lock */,
				99F9999128929C9F00D1E6FC /* Sources */,
				99F9999228929C9F00D1E6FC /* Frameworks */,
				99F9999328929C9F00D1E6FC /* Resources */,
			);
			buildRules = (
			);
			dependencies = (
				99F9999C28929C9F00D1E6FC /* PBXTargetDependency */,
			);
			name = iOSEngineerCodeCheckUITests;
			productName = iOSEngineerCodeCheckUITests;
			productReference = 99F9999528929C9F00D1E6FC /* iOSEngineerCodeCheckUITests.xctest */;
			productType = "com.apple.product-type.bundle.ui-testing";
		};
		BFD945DA244DC5E80012785A /* iOSEngineerCodeCheck */ = {
			isa = PBXNativeTarget;
			buildConfigurationList = BFD94605244DC5EC0012785A /* Build configuration list for PBXNativeTarget "iOSEngineerCodeCheck" */;
			buildPhases = (
				5B4EF03CE94DFBC6310756E3 /* [CP] Check Pods Manifest.lock */,
				BFD945D7244DC5E80012785A /* Sources */,
				BFD945D8244DC5E80012785A /* Frameworks */,
				BFD945D9244DC5E80012785A /* Resources */,
				99F3AF5D288AC015009927E8 /* Run SwiftLint */,
				6D62AFEA7746126544BD65A4 /* [CP] Embed Pods Frameworks */,
			);
			buildRules = (
			);
			dependencies = (
			);
			name = iOSEngineerCodeCheck;
			packageProductDependencies = (
				99F3AF6B288D5280009927E8 /* Kingfisher */,
				99F3AF8628901CF4009927E8 /* PKHUD */,
				99F999A42892D99900D1E6FC /* Gifu */,
			);
			productName = iOSEngineerCodeCheck;
			productReference = BFD945DB244DC5E80012785A /* iOSEngineerCodeCheck.app */;
			productType = "com.apple.product-type.application";
		};
		BFD945F0244DC5EB0012785A /* iOSEngineerCodeCheckTests */ = {
			isa = PBXNativeTarget;
			buildConfigurationList = BFD94608244DC5EC0012785A /* Build configuration list for PBXNativeTarget "iOSEngineerCodeCheckTests" */;
			buildPhases = (
				168AEAA71651D6CDA0A0EE4B /* [CP] Check Pods Manifest.lock */,
				BFD945ED244DC5EB0012785A /* Sources */,
				BFD945EE244DC5EB0012785A /* Frameworks */,
				BFD945EF244DC5EB0012785A /* Resources */,
			);
			buildRules = (
			);
			dependencies = (
				BFD945F3244DC5EB0012785A /* PBXTargetDependency */,
			);
			name = iOSEngineerCodeCheckTests;
			productName = iOSEngineerCodeCheckTests;
			productReference = BFD945F1244DC5EB0012785A /* iOSEngineerCodeCheckTests.xctest */;
			productType = "com.apple.product-type.bundle.unit-test";
		};
/* End PBXNativeTarget section */

/* Begin PBXProject section */
		BFD945D3244DC5E80012785A /* Project object */ = {
			isa = PBXProject;
			attributes = {
				LastSwiftUpdateCheck = 1340;
				LastUpgradeCheck = 1300;
				ORGANIZATIONNAME = "YUMEMI Inc.";
				TargetAttributes = {
					99F9999428929C9F00D1E6FC = {
						CreatedOnToolsVersion = 13.4.1;
						TestTargetID = BFD945DA244DC5E80012785A;
					};
					BFD945DA244DC5E80012785A = {
						CreatedOnToolsVersion = 11.4.1;
					};
					BFD945F0244DC5EB0012785A = {
						CreatedOnToolsVersion = 11.4.1;
						TestTargetID = BFD945DA244DC5E80012785A;
					};
				};
			};
			buildConfigurationList = BFD945D6244DC5E80012785A /* Build configuration list for PBXProject "iOSEngineerCodeCheck" */;
			compatibilityVersion = "Xcode 9.3";
			developmentRegion = en;
			hasScannedForEncodings = 0;
			knownRegions = (
				en,
				Base,
			);
			mainGroup = BFD945D2244DC5E80012785A;
			packageReferences = (
				99F3AF6A288D5280009927E8 /* XCRemoteSwiftPackageReference "Kingfisher" */,
				99F3AF8528901CF3009927E8 /* XCRemoteSwiftPackageReference "PKHUD" */,
				99F999A32892D99800D1E6FC /* XCRemoteSwiftPackageReference "Gifu" */,
			);
			productRefGroup = BFD945DC244DC5E80012785A /* Products */;
			projectDirPath = "";
			projectRoot = "";
			targets = (
				BFD945DA244DC5E80012785A /* iOSEngineerCodeCheck */,
				BFD945F0244DC5EB0012785A /* iOSEngineerCodeCheckTests */,
				99F9999428929C9F00D1E6FC /* iOSEngineerCodeCheckUITests */,
			);
		};
/* End PBXProject section */

/* Begin PBXResourcesBuildPhase section */
		99F9999328929C9F00D1E6FC /* Resources */ = {
			isa = PBXResourcesBuildPhase;
			buildActionMask = 2147483647;
			files = (
			);
			runOnlyForDeploymentPostprocessing = 0;
		};
		BFD945D9244DC5E80012785A /* Resources */ = {
			isa = PBXResourcesBuildPhase;
			buildActionMask = 2147483647;
			files = (
				BFD945EB244DC5EB0012785A /* LaunchScreen.storyboard in Resources */,
				99F3AF7C288EBFB2009927E8 /* SearchListCell.xib in Resources */,
				99F3AF7E288ED6FC009927E8 /* DetailViewController.storyboard in Resources */,
				99F999A92892DA5900D1E6FC /* LoadingGif.gif in Resources */,
				BFD945E8244DC5EB0012785A /* Assets.xcassets in Resources */,
				BFD945E6244DC5E80012785A /* Main.storyboard in Resources */,
				99F3AF8228901276009927E8 /* SearchListViewController.storyboard in Resources */,
			);
			runOnlyForDeploymentPostprocessing = 0;
		};
		BFD945EF244DC5EB0012785A /* Resources */ = {
			isa = PBXResourcesBuildPhase;
			buildActionMask = 2147483647;
			files = (
			);
			runOnlyForDeploymentPostprocessing = 0;
		};
/* End PBXResourcesBuildPhase section */

/* Begin PBXShellScriptBuildPhase section */
		168AEAA71651D6CDA0A0EE4B /* [CP] Check Pods Manifest.lock */ = {
			isa = PBXShellScriptBuildPhase;
			buildActionMask = 2147483647;
			files = (
			);
			inputFileListPaths = (
			);
			inputPaths = (
				"${PODS_PODFILE_DIR_PATH}/Podfile.lock",
				"${PODS_ROOT}/Manifest.lock",
			);
			name = "[CP] Check Pods Manifest.lock";
			outputFileListPaths = (
			);
			outputPaths = (
				"$(DERIVED_FILE_DIR)/Pods-iOSEngineerCodeCheckTests-checkManifestLockResult.txt",
			);
			runOnlyForDeploymentPostprocessing = 0;
			shellPath = /bin/sh;
			shellScript = "diff \"${PODS_PODFILE_DIR_PATH}/Podfile.lock\" \"${PODS_ROOT}/Manifest.lock\" > /dev/null\nif [ $? != 0 ] ; then\n    # print error to STDERR\n    echo \"error: The sandbox is not in sync with the Podfile.lock. Run 'pod install' or update your CocoaPods installation.\" >&2\n    exit 1\nfi\n# This output is used by Xcode 'outputs' to avoid re-running this script phase.\necho \"SUCCESS\" > \"${SCRIPT_OUTPUT_FILE_0}\"\n";
			showEnvVarsInLog = 0;
		};
		5B4EF03CE94DFBC6310756E3 /* [CP] Check Pods Manifest.lock */ = {
			isa = PBXShellScriptBuildPhase;
			buildActionMask = 2147483647;
			files = (
			);
			inputFileListPaths = (
			);
			inputPaths = (
				"${PODS_PODFILE_DIR_PATH}/Podfile.lock",
				"${PODS_ROOT}/Manifest.lock",
			);
			name = "[CP] Check Pods Manifest.lock";
			outputFileListPaths = (
			);
			outputPaths = (
				"$(DERIVED_FILE_DIR)/Pods-iOSEngineerCodeCheck-checkManifestLockResult.txt",
			);
			runOnlyForDeploymentPostprocessing = 0;
			shellPath = /bin/sh;
			shellScript = "diff \"${PODS_PODFILE_DIR_PATH}/Podfile.lock\" \"${PODS_ROOT}/Manifest.lock\" > /dev/null\nif [ $? != 0 ] ; then\n    # print error to STDERR\n    echo \"error: The sandbox is not in sync with the Podfile.lock. Run 'pod install' or update your CocoaPods installation.\" >&2\n    exit 1\nfi\n# This output is used by Xcode 'outputs' to avoid re-running this script phase.\necho \"SUCCESS\" > \"${SCRIPT_OUTPUT_FILE_0}\"\n";
			showEnvVarsInLog = 0;
		};
		6D62AFEA7746126544BD65A4 /* [CP] Embed Pods Frameworks */ = {
			isa = PBXShellScriptBuildPhase;
			buildActionMask = 2147483647;
			files = (
			);
			inputFileListPaths = (
				"${PODS_ROOT}/Target Support Files/Pods-iOSEngineerCodeCheck/Pods-iOSEngineerCodeCheck-frameworks-${CONFIGURATION}-input-files.xcfilelist",
			);
			name = "[CP] Embed Pods Frameworks";
			outputFileListPaths = (
				"${PODS_ROOT}/Target Support Files/Pods-iOSEngineerCodeCheck/Pods-iOSEngineerCodeCheck-frameworks-${CONFIGURATION}-output-files.xcfilelist",
			);
			runOnlyForDeploymentPostprocessing = 0;
			shellPath = /bin/sh;
			shellScript = "\"${PODS_ROOT}/Target Support Files/Pods-iOSEngineerCodeCheck/Pods-iOSEngineerCodeCheck-frameworks.sh\"\n";
			showEnvVarsInLog = 0;
		};
		6D67F783F5A72FFE654F7631 /* [CP] Check Pods Manifest.lock */ = {
			isa = PBXShellScriptBuildPhase;
			buildActionMask = 2147483647;
			files = (
			);
			inputFileListPaths = (
			);
			inputPaths = (
				"${PODS_PODFILE_DIR_PATH}/Podfile.lock",
				"${PODS_ROOT}/Manifest.lock",
			);
			name = "[CP] Check Pods Manifest.lock";
			outputFileListPaths = (
			);
			outputPaths = (
				"$(DERIVED_FILE_DIR)/Pods-iOSEngineerCodeCheckUITests-checkManifestLockResult.txt",
			);
			runOnlyForDeploymentPostprocessing = 0;
			shellPath = /bin/sh;
			shellScript = "diff \"${PODS_PODFILE_DIR_PATH}/Podfile.lock\" \"${PODS_ROOT}/Manifest.lock\" > /dev/null\nif [ $? != 0 ] ; then\n    # print error to STDERR\n    echo \"error: The sandbox is not in sync with the Podfile.lock. Run 'pod install' or update your CocoaPods installation.\" >&2\n    exit 1\nfi\n# This output is used by Xcode 'outputs' to avoid re-running this script phase.\necho \"SUCCESS\" > \"${SCRIPT_OUTPUT_FILE_0}\"\n";
			showEnvVarsInLog = 0;
		};
		99F3AF5D288AC015009927E8 /* Run SwiftLint */ = {
			isa = PBXShellScriptBuildPhase;
			buildActionMask = 2147483647;
			files = (
			);
			inputFileListPaths = (
			);
			inputPaths = (
			);
			name = "Run SwiftLint";
			outputFileListPaths = (
			);
			outputPaths = (
			);
			runOnlyForDeploymentPostprocessing = 0;
			shellPath = /bin/sh;
			shellScript = "if which swiftlint >/dev/null; then\n  swiftlint autocorrect --format # 自動修正の有効化\n  swiftlint\nelse\n  echo \"SwiftLint does not exist, download from https://github.com/realm/SwiftLint\"\nfi\n";
		};
/* End PBXShellScriptBuildPhase section */

/* Begin PBXSourcesBuildPhase section */
		99F9999128929C9F00D1E6FC /* Sources */ = {
			isa = PBXSourcesBuildPhase;
			buildActionMask = 2147483647;
			files = (
				99F9999828929C9F00D1E6FC /* iOSEngineerCodeCheckUITests.swift in Sources */,
				99F9999A28929C9F00D1E6FC /* iOSEngineerCodeCheckUITestsLaunchTests.swift in Sources */,
			);
			runOnlyForDeploymentPostprocessing = 0;
		};
		BFD945D7244DC5E80012785A /* Sources */ = {
			isa = PBXSourcesBuildPhase;
			buildActionMask = 2147483647;
			files = (
				99F999A22892B9BB00D1E6FC /* QueryShareManager.swift in Sources */,
				99F3AF9128919283009927E8 /* UIViewController+Extension.swift in Sources */,
				BFD945E3244DC5E80012785A /* SearchListViewController.swift in Sources */,
				99F3AF8C2891593D009927E8 /* GitHubAPIProtocol.swift in Sources */,
				99F3AF7B288EBFB2009927E8 /* SearchListCell.swift in Sources */,
				99F3AF5F288BB538009927E8 /* GitHubResponse.swift in Sources */,
				99F3AF75288EB52E009927E8 /* APIResponseStatusCodeHandler.swift in Sources */,
				99F3AF72288E3529009927E8 /* SearchListViewModel.swift in Sources */,
				BF0A658D244F2A3B00280FA6 /* DetailViewController.swift in Sources */,
				BFD945DF244DC5E80012785A /* AppDelegate.swift in Sources */,
				99F3AF67288C32E2009927E8 /* GitHubAPI.swift in Sources */,
				BFD945E1244DC5E80012785A /* SceneDelegate.swift in Sources */,
				99F3AF69288C3310009927E8 /* GitHubTarget.swift in Sources */,
			);
			runOnlyForDeploymentPostprocessing = 0;
		};
		BFD945ED244DC5EB0012785A /* Sources */ = {
			isa = PBXSourcesBuildPhase;
			buildActionMask = 2147483647;
			files = (
				99F3AF8428901B58009927E8 /* SearchListViewModelTests.swift in Sources */,
				99F3AF8E28915E2C009927E8 /* MockGitHubAPI.swift in Sources */,
				99F3AF8A289156B8009927E8 /* MockData.swift in Sources */,
			);
			runOnlyForDeploymentPostprocessing = 0;
		};
/* End PBXSourcesBuildPhase section */

/* Begin PBXTargetDependency section */
		99F9999C28929C9F00D1E6FC /* PBXTargetDependency */ = {
			isa = PBXTargetDependency;
			target = BFD945DA244DC5E80012785A /* iOSEngineerCodeCheck */;
			targetProxy = 99F9999B28929C9F00D1E6FC /* PBXContainerItemProxy */;
		};
		BFD945F3244DC5EB0012785A /* PBXTargetDependency */ = {
			isa = PBXTargetDependency;
			target = BFD945DA244DC5E80012785A /* iOSEngineerCodeCheck */;
			targetProxy = BFD945F2244DC5EB0012785A /* PBXContainerItemProxy */;
		};
/* End PBXTargetDependency section */

/* Begin PBXVariantGroup section */
		BFD945E4244DC5E80012785A /* Main.storyboard */ = {
			isa = PBXVariantGroup;
			children = (
				BFD945E5244DC5E80012785A /* Base */,
			);
			name = Main.storyboard;
			sourceTree = "<group>";
		};
		BFD945E9244DC5EB0012785A /* LaunchScreen.storyboard */ = {
			isa = PBXVariantGroup;
			children = (
				BFD945EA244DC5EB0012785A /* Base */,
			);
			name = LaunchScreen.storyboard;
			sourceTree = "<group>";
		};
/* End PBXVariantGroup section */

/* Begin XCBuildConfiguration section */
		99F9999D28929C9F00D1E6FC /* Debug */ = {
			isa = XCBuildConfiguration;
			baseConfigurationReference = C003B0DF9696DD1D8B1E41C7 /* Pods-iOSEngineerCodeCheckUITests.debug.xcconfig */;
			buildSettings = {
				CLANG_CXX_LANGUAGE_STANDARD = "gnu++17";
				CODE_SIGN_STYLE = Automatic;
				CURRENT_PROJECT_VERSION = 1;
				DEVELOPMENT_TEAM = 4KX39VZ9JG;
				GENERATE_INFOPLIST_FILE = YES;
				IPHONEOS_DEPLOYMENT_TARGET = 15.5;
				MARKETING_VERSION = 1.0;
				PRODUCT_BUNDLE_IDENTIFIER = "Toshiki-Yanagimoto.iOSEngineerCodeCheckUITests";
				PRODUCT_NAME = "$(TARGET_NAME)";
				SWIFT_EMIT_LOC_STRINGS = NO;
				SWIFT_VERSION = 5.0;
				TARGETED_DEVICE_FAMILY = "1,2";
				TEST_TARGET_NAME = iOSEngineerCodeCheck;
			};
			name = Debug;
		};
		99F9999E28929C9F00D1E6FC /* Release */ = {
			isa = XCBuildConfiguration;
			baseConfigurationReference = 228BF9337A8F4F77F0F8F6AB /* Pods-iOSEngineerCodeCheckUITests.release.xcconfig */;
			buildSettings = {
				CLANG_CXX_LANGUAGE_STANDARD = "gnu++17";
				CODE_SIGN_STYLE = Automatic;
				CURRENT_PROJECT_VERSION = 1;
				DEVELOPMENT_TEAM = 4KX39VZ9JG;
				GENERATE_INFOPLIST_FILE = YES;
				IPHONEOS_DEPLOYMENT_TARGET = 15.5;
				MARKETING_VERSION = 1.0;
				PRODUCT_BUNDLE_IDENTIFIER = "Toshiki-Yanagimoto.iOSEngineerCodeCheckUITests";
				PRODUCT_NAME = "$(TARGET_NAME)";
				SWIFT_EMIT_LOC_STRINGS = NO;
				SWIFT_VERSION = 5.0;
				TARGETED_DEVICE_FAMILY = "1,2";
				TEST_TARGET_NAME = iOSEngineerCodeCheck;
			};
			name = Release;
		};
		BFD94603244DC5EC0012785A /* Debug */ = {
			isa = XCBuildConfiguration;
			buildSettings = {
				ALWAYS_SEARCH_USER_PATHS = NO;
				CLANG_ANALYZER_NONNULL = YES;
				CLANG_ANALYZER_NUMBER_OBJECT_CONVERSION = YES_AGGRESSIVE;
				CLANG_CXX_LANGUAGE_STANDARD = "gnu++14";
				CLANG_CXX_LIBRARY = "libc++";
				CLANG_ENABLE_MODULES = YES;
				CLANG_ENABLE_OBJC_ARC = YES;
				CLANG_ENABLE_OBJC_WEAK = YES;
				CLANG_WARN_BLOCK_CAPTURE_AUTORELEASING = YES;
				CLANG_WARN_BOOL_CONVERSION = YES;
				CLANG_WARN_COMMA = YES;
				CLANG_WARN_CONSTANT_CONVERSION = YES;
				CLANG_WARN_DEPRECATED_OBJC_IMPLEMENTATIONS = YES;
				CLANG_WARN_DIRECT_OBJC_ISA_USAGE = YES_ERROR;
				CLANG_WARN_DOCUMENTATION_COMMENTS = YES;
				CLANG_WARN_EMPTY_BODY = YES;
				CLANG_WARN_ENUM_CONVERSION = YES;
				CLANG_WARN_INFINITE_RECURSION = YES;
				CLANG_WARN_INT_CONVERSION = YES;
				CLANG_WARN_NON_LITERAL_NULL_CONVERSION = YES;
				CLANG_WARN_OBJC_IMPLICIT_RETAIN_SELF = YES;
				CLANG_WARN_OBJC_LITERAL_CONVERSION = YES;
				CLANG_WARN_OBJC_ROOT_CLASS = YES_ERROR;
				CLANG_WARN_QUOTED_INCLUDE_IN_FRAMEWORK_HEADER = YES;
				CLANG_WARN_RANGE_LOOP_ANALYSIS = YES;
				CLANG_WARN_STRICT_PROTOTYPES = YES;
				CLANG_WARN_SUSPICIOUS_MOVE = YES;
				CLANG_WARN_UNGUARDED_AVAILABILITY = YES_AGGRESSIVE;
				CLANG_WARN_UNREACHABLE_CODE = YES;
				CLANG_WARN__DUPLICATE_METHOD_MATCH = YES;
				COPY_PHASE_STRIP = NO;
				DEBUG_INFORMATION_FORMAT = dwarf;
				ENABLE_STRICT_OBJC_MSGSEND = YES;
				ENABLE_TESTABILITY = YES;
				GCC_C_LANGUAGE_STANDARD = gnu11;
				GCC_DYNAMIC_NO_PIC = NO;
				GCC_NO_COMMON_BLOCKS = YES;
				GCC_OPTIMIZATION_LEVEL = 0;
				GCC_PREPROCESSOR_DEFINITIONS = (
					"DEBUG=1",
					"$(inherited)",
				);
				GCC_WARN_64_TO_32_BIT_CONVERSION = YES;
				GCC_WARN_ABOUT_RETURN_TYPE = YES_ERROR;
				GCC_WARN_UNDECLARED_SELECTOR = YES;
				GCC_WARN_UNINITIALIZED_AUTOS = YES_AGGRESSIVE;
				GCC_WARN_UNUSED_FUNCTION = YES;
				GCC_WARN_UNUSED_VARIABLE = YES;
				IPHONEOS_DEPLOYMENT_TARGET = 15.0;
				MTL_ENABLE_DEBUG_INFO = INCLUDE_SOURCE;
				MTL_FAST_MATH = YES;
				ONLY_ACTIVE_ARCH = YES;
				SDKROOT = iphoneos;
				SWIFT_ACTIVE_COMPILATION_CONDITIONS = DEBUG;
				SWIFT_OPTIMIZATION_LEVEL = "-Onone";
			};
			name = Debug;
		};
		BFD94604244DC5EC0012785A /* Release */ = {
			isa = XCBuildConfiguration;
			buildSettings = {
				ALWAYS_SEARCH_USER_PATHS = NO;
				CLANG_ANALYZER_NONNULL = YES;
				CLANG_ANALYZER_NUMBER_OBJECT_CONVERSION = YES_AGGRESSIVE;
				CLANG_CXX_LANGUAGE_STANDARD = "gnu++14";
				CLANG_CXX_LIBRARY = "libc++";
				CLANG_ENABLE_MODULES = YES;
				CLANG_ENABLE_OBJC_ARC = YES;
				CLANG_ENABLE_OBJC_WEAK = YES;
				CLANG_WARN_BLOCK_CAPTURE_AUTORELEASING = YES;
				CLANG_WARN_BOOL_CONVERSION = YES;
				CLANG_WARN_COMMA = YES;
				CLANG_WARN_CONSTANT_CONVERSION = YES;
				CLANG_WARN_DEPRECATED_OBJC_IMPLEMENTATIONS = YES;
				CLANG_WARN_DIRECT_OBJC_ISA_USAGE = YES_ERROR;
				CLANG_WARN_DOCUMENTATION_COMMENTS = YES;
				CLANG_WARN_EMPTY_BODY = YES;
				CLANG_WARN_ENUM_CONVERSION = YES;
				CLANG_WARN_INFINITE_RECURSION = YES;
				CLANG_WARN_INT_CONVERSION = YES;
				CLANG_WARN_NON_LITERAL_NULL_CONVERSION = YES;
				CLANG_WARN_OBJC_IMPLICIT_RETAIN_SELF = YES;
				CLANG_WARN_OBJC_LITERAL_CONVERSION = YES;
				CLANG_WARN_OBJC_ROOT_CLASS = YES_ERROR;
				CLANG_WARN_QUOTED_INCLUDE_IN_FRAMEWORK_HEADER = YES;
				CLANG_WARN_RANGE_LOOP_ANALYSIS = YES;
				CLANG_WARN_STRICT_PROTOTYPES = YES;
				CLANG_WARN_SUSPICIOUS_MOVE = YES;
				CLANG_WARN_UNGUARDED_AVAILABILITY = YES_AGGRESSIVE;
				CLANG_WARN_UNREACHABLE_CODE = YES;
				CLANG_WARN__DUPLICATE_METHOD_MATCH = YES;
				COPY_PHASE_STRIP = NO;
				DEBUG_INFORMATION_FORMAT = "dwarf-with-dsym";
				ENABLE_NS_ASSERTIONS = NO;
				ENABLE_STRICT_OBJC_MSGSEND = YES;
				GCC_C_LANGUAGE_STANDARD = gnu11;
				GCC_NO_COMMON_BLOCKS = YES;
				GCC_WARN_64_TO_32_BIT_CONVERSION = YES;
				GCC_WARN_ABOUT_RETURN_TYPE = YES_ERROR;
				GCC_WARN_UNDECLARED_SELECTOR = YES;
				GCC_WARN_UNINITIALIZED_AUTOS = YES_AGGRESSIVE;
				GCC_WARN_UNUSED_FUNCTION = YES;
				GCC_WARN_UNUSED_VARIABLE = YES;
				IPHONEOS_DEPLOYMENT_TARGET = 15.0;
				MTL_ENABLE_DEBUG_INFO = NO;
				MTL_FAST_MATH = YES;
				SDKROOT = iphoneos;
				SWIFT_COMPILATION_MODE = wholemodule;
				SWIFT_OPTIMIZATION_LEVEL = "-O";
				VALIDATE_PRODUCT = YES;
			};
			name = Release;
		};
		BFD94606244DC5EC0012785A /* Debug */ = {
			isa = XCBuildConfiguration;
			baseConfigurationReference = 51EC83BC6727BB49AA2EAC17 /* Pods-iOSEngineerCodeCheck.debug.xcconfig */;
			buildSettings = {
				ASSETCATALOG_COMPILER_APPICON_NAME = AppIcon;
				CODE_SIGN_STYLE = Automatic;
				DEVELOPMENT_TEAM = "";
				INFOPLIST_FILE = iOSEngineerCodeCheck/Info.plist;
				LD_RUNPATH_SEARCH_PATHS = (
					"$(inherited)",
					"@executable_path/Frameworks",
				);
				PRODUCT_BUNDLE_IDENTIFIER = jp.yumemi.iOSEngineerCodeCheck;
				PRODUCT_NAME = "$(TARGET_NAME)";
				SWIFT_VERSION = 5.0;
				TARGETED_DEVICE_FAMILY = "1,2";
			};
			name = Debug;
		};
		BFD94607244DC5EC0012785A /* Release */ = {
			isa = XCBuildConfiguration;
			baseConfigurationReference = BD0EE8EC94DF4813A143087E /* Pods-iOSEngineerCodeCheck.release.xcconfig */;
			buildSettings = {
				ASSETCATALOG_COMPILER_APPICON_NAME = AppIcon;
				CODE_SIGN_STYLE = Automatic;
				DEVELOPMENT_TEAM = "";
				INFOPLIST_FILE = iOSEngineerCodeCheck/Info.plist;
				LD_RUNPATH_SEARCH_PATHS = (
					"$(inherited)",
					"@executable_path/Frameworks",
				);
				PRODUCT_BUNDLE_IDENTIFIER = jp.yumemi.iOSEngineerCodeCheck;
				PRODUCT_NAME = "$(TARGET_NAME)";
				SWIFT_VERSION = 5.0;
				TARGETED_DEVICE_FAMILY = "1,2";
			};
			name = Release;
		};
		BFD94609244DC5EC0012785A /* Debug */ = {
			isa = XCBuildConfiguration;
			baseConfigurationReference = AF22DBE10D50A590A79DB835 /* Pods-iOSEngineerCodeCheckTests.debug.xcconfig */;
			buildSettings = {
				ALWAYS_EMBED_SWIFT_STANDARD_LIBRARIES = YES;
				BUNDLE_LOADER = "$(TEST_HOST)";
				CODE_SIGN_STYLE = Automatic;
				DEVELOPMENT_TEAM = S7G9J68NLX;
				INFOPLIST_FILE = iOSEngineerCodeCheckTests/Info.plist;
				LD_RUNPATH_SEARCH_PATHS = (
					"$(inherited)",
					"@executable_path/Frameworks",
					"@loader_path/Frameworks",
				);
				PRODUCT_BUNDLE_IDENTIFIER = jp.yumemi.iOSEngineerCodeCheckTests;
				PRODUCT_NAME = "$(TARGET_NAME)";
				SWIFT_VERSION = 5.0;
				TARGETED_DEVICE_FAMILY = "1,2";
				TEST_HOST = "$(BUILT_PRODUCTS_DIR)/iOSEngineerCodeCheck.app/iOSEngineerCodeCheck";
			};
			name = Debug;
		};
		BFD9460A244DC5EC0012785A /* Release */ = {
			isa = XCBuildConfiguration;
			baseConfigurationReference = 57975BCD34B713F5D4564BF2 /* Pods-iOSEngineerCodeCheckTests.release.xcconfig */;
			buildSettings = {
				ALWAYS_EMBED_SWIFT_STANDARD_LIBRARIES = YES;
				BUNDLE_LOADER = "$(TEST_HOST)";
				CODE_SIGN_STYLE = Automatic;
				DEVELOPMENT_TEAM = S7G9J68NLX;
				INFOPLIST_FILE = iOSEngineerCodeCheckTests/Info.plist;
				LD_RUNPATH_SEARCH_PATHS = (
					"$(inherited)",
					"@executable_path/Frameworks",
					"@loader_path/Frameworks",
				);
				PRODUCT_BUNDLE_IDENTIFIER = jp.yumemi.iOSEngineerCodeCheckTests;
				PRODUCT_NAME = "$(TARGET_NAME)";
				SWIFT_VERSION = 5.0;
				TARGETED_DEVICE_FAMILY = "1,2";
				TEST_HOST = "$(BUILT_PRODUCTS_DIR)/iOSEngineerCodeCheck.app/iOSEngineerCodeCheck";
			};
			name = Release;
		};
/* End XCBuildConfiguration section */

/* Begin XCConfigurationList section */
		99F9999F28929C9F00D1E6FC /* Build configuration list for PBXNativeTarget "iOSEngineerCodeCheckUITests" */ = {
			isa = XCConfigurationList;
			buildConfigurations = (
				99F9999D28929C9F00D1E6FC /* Debug */,
				99F9999E28929C9F00D1E6FC /* Release */,
			);
			defaultConfigurationIsVisible = 0;
			defaultConfigurationName = Release;
		};
		BFD945D6244DC5E80012785A /* Build configuration list for PBXProject "iOSEngineerCodeCheck" */ = {
			isa = XCConfigurationList;
			buildConfigurations = (
				BFD94603244DC5EC0012785A /* Debug */,
				BFD94604244DC5EC0012785A /* Release */,
			);
			defaultConfigurationIsVisible = 0;
			defaultConfigurationName = Release;
		};
		BFD94605244DC5EC0012785A /* Build configuration list for PBXNativeTarget "iOSEngineerCodeCheck" */ = {
			isa = XCConfigurationList;
			buildConfigurations = (
				BFD94606244DC5EC0012785A /* Debug */,
				BFD94607244DC5EC0012785A /* Release */,
			);
			defaultConfigurationIsVisible = 0;
			defaultConfigurationName = Release;
		};
		BFD94608244DC5EC0012785A /* Build configuration list for PBXNativeTarget "iOSEngineerCodeCheckTests" */ = {
			isa = XCConfigurationList;
			buildConfigurations = (
				BFD94609244DC5EC0012785A /* Debug */,
				BFD9460A244DC5EC0012785A /* Release */,
			);
			defaultConfigurationIsVisible = 0;
			defaultConfigurationName = Release;
		};
/* End XCConfigurationList section */

/* Begin XCRemoteSwiftPackageReference section */
		99F3AF6A288D5280009927E8 /* XCRemoteSwiftPackageReference "Kingfisher" */ = {
			isa = XCRemoteSwiftPackageReference;
			repositoryURL = "https://github.com/onevcat/Kingfisher.git";
			requirement = {
				kind = upToNextMajorVersion;
				minimumVersion = 7.0.0;
			};
		};
		99F3AF8528901CF3009927E8 /* XCRemoteSwiftPackageReference "PKHUD" */ = {
			isa = XCRemoteSwiftPackageReference;
			repositoryURL = "https://github.com/pkluz/PKHUD.git";
			requirement = {
				kind = upToNextMajorVersion;
				minimumVersion = 5.4.0;
			};
		};
		99F999A32892D99800D1E6FC /* XCRemoteSwiftPackageReference "Gifu" */ = {
			isa = XCRemoteSwiftPackageReference;
			repositoryURL = "https://github.com/kaishin/Gifu.git";
			requirement = {
				kind = upToNextMajorVersion;
				minimumVersion = 3.2.2;
			};
		};
/* End XCRemoteSwiftPackageReference section */

/* Begin XCSwiftPackageProductDependency section */
		99F3AF6B288D5280009927E8 /* Kingfisher */ = {
			isa = XCSwiftPackageProductDependency;
			package = 99F3AF6A288D5280009927E8 /* XCRemoteSwiftPackageReference "Kingfisher" */;
			productName = Kingfisher;
		};
		99F3AF8628901CF4009927E8 /* PKHUD */ = {
			isa = XCSwiftPackageProductDependency;
			package = 99F3AF8528901CF3009927E8 /* XCRemoteSwiftPackageReference "PKHUD" */;
			productName = PKHUD;
		};
		99F999A42892D99900D1E6FC /* Gifu */ = {
			isa = XCSwiftPackageProductDependency;
			package = 99F999A32892D99800D1E6FC /* XCRemoteSwiftPackageReference "Gifu" */;
			productName = Gifu;
		};
/* End XCSwiftPackageProductDependency section */
	};
	rootObject = BFD945D3244DC5E80012785A /* Project object */;
}
